{
  "requires": true,
  "lockfileVersion": 1,
  "dependencies": {
    "@angular/animations": {
      "version": "5.1.0-beta.1",
      "resolved": "https://registry.npmjs.org/@angular/animations/-/animations-5.1.0-beta.1.tgz",
      "integrity": "sha1-mj6iUBgLffLDijr0kD94xVcRCHc=",
      "requires": {
        "tslib": "1.8.0"
      }
    },
    "@angular/common": {
      "version": "5.1.0-beta.1",
      "resolved": "https://registry.npmjs.org/@angular/common/-/common-5.1.0-beta.1.tgz",
      "integrity": "sha1-OrR6HB0vPVaty2HpIxBrlTycz4E=",
      "requires": {
        "tslib": "1.8.0"
      }
    },
    "@angular/compiler": {
      "version": "5.1.0-beta.1",
      "resolved": "https://registry.npmjs.org/@angular/compiler/-/compiler-5.1.0-beta.1.tgz",
      "integrity": "sha1-t7GN8r1TwTdNZv77IfbtDBDyi5Q=",
      "requires": {
        "tslib": "1.8.0"
      }
    },
    "@angular/compiler-cli": {
      "version": "5.1.0-beta.1",
      "resolved": "https://registry.npmjs.org/@angular/compiler-cli/-/compiler-cli-5.1.0-beta.1.tgz",
      "integrity": "sha1-zk7gcwouOF30RJ6Zpdm8eqJBeAE=",
      "requires": {
        "chokidar": "1.7.0",
        "minimist": "1.2.0",
        "reflect-metadata": "0.1.10",
        "tsickle": "0.25.5"
      }
    },
    "@angular/core": {
      "version": "5.1.0-beta.1",
      "resolved": "https://registry.npmjs.org/@angular/core/-/core-5.1.0-beta.1.tgz",
      "integrity": "sha1-47bGDIfQC9Vra93qZAt6LrkpMZA=",
      "requires": {
        "tslib": "1.8.0"
      }
    },
    "@angular/forms": {
      "version": "5.1.0-beta.1",
      "resolved": "https://registry.npmjs.org/@angular/forms/-/forms-5.1.0-beta.1.tgz",
      "integrity": "sha1-wvKdv7M1vEINE3KAerQKBM9676I=",
      "requires": {
        "tslib": "1.8.0"
      }
    },
    "@angular/http": {
      "version": "5.1.0-beta.1",
      "resolved": "https://registry.npmjs.org/@angular/http/-/http-5.1.0-beta.1.tgz",
      "integrity": "sha1-UZZGUt1FS2IB4bS35t/Hr8nJtGg=",
      "requires": {
        "tslib": "1.8.0"
      }
    },
    "@angular/platform-browser": {
      "version": "5.1.0-beta.1",
      "resolved": "https://registry.npmjs.org/@angular/platform-browser/-/platform-browser-5.1.0-beta.1.tgz",
      "integrity": "sha1-nA6h+eOtZ126+3gzPaDRMTSTWL4=",
      "requires": {
        "tslib": "1.8.0"
      }
    },
    "@angular/platform-browser-dynamic": {
      "version": "5.1.0-beta.1",
      "resolved": "https://registry.npmjs.org/@angular/platform-browser-dynamic/-/platform-browser-dynamic-5.1.0-beta.1.tgz",
      "integrity": "sha1-hql9iiTk5r8Txfqu1OSRQJPkxEQ=",
      "requires": {
        "tslib": "1.8.0"
      }
    },
    "@angular/platform-server": {
      "version": "5.1.0-beta.1",
      "resolved": "https://registry.npmjs.org/@angular/platform-server/-/platform-server-5.1.0-beta.1.tgz",
      "integrity": "sha1-GOyLvxRskNDsHgH/t53eLN6UUGo=",
      "requires": {
        "domino": "1.0.30",
        "tslib": "1.8.0",
        "xhr2": "0.1.4"
      }
    },
    "@angular/router": {
      "version": "5.1.0-beta.1",
      "resolved": "https://registry.npmjs.org/@angular/router/-/router-5.1.0-beta.1.tgz",
      "integrity": "sha1-QYYc97wG0nIh3mvLnZhvUgy9tiU=",
      "requires": {
        "tslib": "1.8.0"
      }
    },
    "anymatch": {
      "version": "1.3.2",
      "resolved": "https://registry.npmjs.org/anymatch/-/anymatch-1.3.2.tgz",
      "integrity": "sha512-0XNayC8lTHQ2OI8aljNCN3sSx6hsr/1+rlcDAotXJR7C1oZZHCNsfpbKwMjRA3Uqb5tF1Rae2oloTr4xpq+WjA==",
      "requires": {
        "micromatch": "2.3.11",
        "normalize-path": "2.1.1"
      }
    },
    "arr-diff": {
      "version": "2.0.0",
      "resolved": "https://registry.npmjs.org/arr-diff/-/arr-diff-2.0.0.tgz",
      "integrity": "sha1-jzuCf5Vai9ZpaX5KQlasPOrjVs8=",
      "requires": {
        "arr-flatten": "1.1.0"
      }
    },
    "arr-flatten": {
      "version": "1.1.0",
      "resolved": "https://registry.npmjs.org/arr-flatten/-/arr-flatten-1.1.0.tgz",
      "integrity": "sha512-L3hKV5R/p5o81R7O02IGnwpDmkp6E982XhtbuwSe3O4qOtMMMtodicASA1Cny2U+aCXcNpml+m4dPsvsJ3jatg=="
    },
    "array-unique": {
      "version": "0.2.1",
      "resolved": "https://registry.npmjs.org/array-unique/-/array-unique-0.2.1.tgz",
      "integrity": "sha1-odl8yvy8JiXMcPrc6zalDFiwGlM="
    },
    "async": {
      "version": "2.1.4",
      "resolved": "https://registry.npmjs.org/async/-/async-2.1.4.tgz",
      "integrity": "sha1-LSFgx3iAMuTdbL4lAvH5osj2zeQ=",
      "requires": {
        "lodash": "4.17.4"
      }
    },
    "async-each": {
      "version": "1.0.1",
      "resolved": "https://registry.npmjs.org/async-each/-/async-each-1.0.1.tgz",
      "integrity": "sha1-GdOGodntxufByF04iu28xW0zYC0="
    },
    "balanced-match": {
      "version": "1.0.0",
      "resolved": "https://registry.npmjs.org/balanced-match/-/balanced-match-1.0.0.tgz",
      "integrity": "sha1-ibTRmasr7kneFk6gK4nORi1xt2c="
    },
    "binary-extensions": {
      "version": "1.11.0",
      "resolved": "https://registry.npmjs.org/binary-extensions/-/binary-extensions-1.11.0.tgz",
      "integrity": "sha1-RqoXUftqL5PuXmibsQh9SxTGwgU="
    },
    "bluebird": {
      "version": "3.5.1",
      "resolved": "https://registry.npmjs.org/bluebird/-/bluebird-3.5.1.tgz",
      "integrity": "sha512-MKiLiV+I1AA596t9w1sQJ8jkiSr5+ZKi0WKrYGUn6d1Fx+Ij4tIj+m2WMQSGczs5jZVxV339chE8iwk6F64wjA=="
    },
    "brace-expansion": {
      "version": "1.1.8",
      "resolved": "https://registry.npmjs.org/brace-expansion/-/brace-expansion-1.1.8.tgz",
      "integrity": "sha1-wHshHHyVLsH479Uad+8NHTmQopI=",
      "requires": {
        "balanced-match": "1.0.0",
        "concat-map": "0.0.1"
      }
    },
    "braces": {
      "version": "1.8.5",
      "resolved": "https://registry.npmjs.org/braces/-/braces-1.8.5.tgz",
      "integrity": "sha1-uneWLhLf+WnWt2cR6RS3N4V79qc=",
      "requires": {
        "expand-range": "1.8.2",
        "preserve": "0.2.0",
        "repeat-element": "1.1.2"
      }
    },
    "bson": {
      "version": "1.0.4",
      "resolved": "https://registry.npmjs.org/bson/-/bson-1.0.4.tgz",
      "integrity": "sha1-k8ENOeqltYQVy8QFLz5T5WKwtyw="
    },
    "buffer-shims": {
      "version": "1.0.0",
      "resolved": "https://registry.npmjs.org/buffer-shims/-/buffer-shims-1.0.0.tgz",
      "integrity": "sha1-mXjOMXOIxkmth5MCjDR37wRKi1E="
    },
    "chokidar": {
      "version": "1.7.0",
      "resolved": "https://registry.npmjs.org/chokidar/-/chokidar-1.7.0.tgz",
      "integrity": "sha1-eY5ol3gVHIB2tLNg5e3SjNortGg=",
      "requires": {
        "anymatch": "1.3.2",
        "async-each": "1.0.1",
        "glob-parent": "2.0.0",
        "inherits": "2.0.3",
        "is-binary-path": "1.0.1",
        "is-glob": "2.0.1",
        "path-is-absolute": "1.0.1",
        "readdirp": "2.1.0"
      }
    },
    "concat-map": {
      "version": "0.0.1",
      "resolved": "https://registry.npmjs.org/concat-map/-/concat-map-0.0.1.tgz",
      "integrity": "sha1-2Klr13/Wjfd5OnMDajug1UBdR3s="
    },
    "core-util-is": {
      "version": "1.0.2",
      "resolved": "https://registry.npmjs.org/core-util-is/-/core-util-is-1.0.2.tgz",
      "integrity": "sha1-tf1UIgqivFq1eqtxQMlAdUUDwac="
    },
    "debug": {
      "version": "2.6.9",
      "resolved": "https://registry.npmjs.org/debug/-/debug-2.6.9.tgz",
      "integrity": "sha512-bC7ElrdJaJnPbAP+1EotYvqZsb3ecl5wi6Bfi6BJTUcNowp6cvspg0jXznRTKDjm/E7AdgFBVeAPVMNcKGsHMA==",
      "requires": {
        "ms": "2.0.0"
      }
    },
    "domino": {
      "version": "1.0.30",
      "resolved": "https://registry.npmjs.org/domino/-/domino-1.0.30.tgz",
      "integrity": "sha512-ikq8WiDSkICdkElud317F2Sigc6A3EDpWsxWBwIZqOl95km4p/Vc9Rj98id7qKgsjDmExj0AVM7JOd4bb647Xg=="
    },
    "es6-promise": {
      "version": "3.2.1",
      "resolved": "https://registry.npmjs.org/es6-promise/-/es6-promise-3.2.1.tgz",
      "integrity": "sha1-7FYjOGgDKQkgcXDDlEjiREndH8Q="
    },
    "expand-brackets": {
      "version": "0.1.5",
      "resolved": "https://registry.npmjs.org/expand-brackets/-/expand-brackets-0.1.5.tgz",
      "integrity": "sha1-3wcoTjQqgHzXM6xa9yQR5YHRF3s=",
      "requires": {
        "is-posix-bracket": "0.1.1"
      }
    },
    "expand-range": {
      "version": "1.8.2",
      "resolved": "https://registry.npmjs.org/expand-range/-/expand-range-1.8.2.tgz",
      "integrity": "sha1-opnv/TNf4nIeuujiV+x5ZE/IUzc=",
      "requires": {
        "fill-range": "2.2.3"
      }
    },
    "extglob": {
      "version": "0.3.2",
      "resolved": "https://registry.npmjs.org/extglob/-/extglob-0.3.2.tgz",
      "integrity": "sha1-Lhj/PS9JqydlzskCPwEdqo2DSaE=",
      "requires": {
        "is-extglob": "1.0.0"
      }
    },
    "filename-regex": {
      "version": "2.0.1",
      "resolved": "https://registry.npmjs.org/filename-regex/-/filename-regex-2.0.1.tgz",
      "integrity": "sha1-wcS5vuPglyXdsQa3XB4wH+LxiyY="
    },
    "fill-range": {
      "version": "2.2.3",
      "resolved": "https://registry.npmjs.org/fill-range/-/fill-range-2.2.3.tgz",
      "integrity": "sha1-ULd9/X5Gm8dJJHCWNpn+eoSFpyM=",
      "requires": {
        "is-number": "2.1.0",
        "isobject": "2.1.0",
        "randomatic": "1.1.7",
        "repeat-element": "1.1.2",
        "repeat-string": "1.6.1"
      }
    },
    "for-in": {
      "version": "1.0.2",
      "resolved": "https://registry.npmjs.org/for-in/-/for-in-1.0.2.tgz",
      "integrity": "sha1-gQaNKVqBQuwKxybG4iAMMPttXoA="
    },
    "for-own": {
      "version": "0.1.5",
      "resolved": "https://registry.npmjs.org/for-own/-/for-own-0.1.5.tgz",
      "integrity": "sha1-UmXGgaTylNq78XyVCbZ2OqhFEM4=",
      "requires": {
        "for-in": "1.0.2"
      }
    },
    "glob-base": {
      "version": "0.3.0",
      "resolved": "https://registry.npmjs.org/glob-base/-/glob-base-0.3.0.tgz",
      "integrity": "sha1-27Fk9iIbHAscz4Kuoyi0l98Oo8Q=",
      "requires": {
        "glob-parent": "2.0.0",
        "is-glob": "2.0.1"
      }
    },
    "glob-parent": {
      "version": "2.0.0",
      "resolved": "https://registry.npmjs.org/glob-parent/-/glob-parent-2.0.0.tgz",
      "integrity": "sha1-gTg9ctsFT8zPUzbaqQLxgvbtuyg=",
      "requires": {
        "is-glob": "2.0.1"
      }
    },
    "graceful-fs": {
      "version": "4.1.11",
      "resolved": "https://registry.npmjs.org/graceful-fs/-/graceful-fs-4.1.11.tgz",
      "integrity": "sha1-Dovf5NHduIVNZOBOp8AOKgJuVlg="
    },
    "hooks-fixed": {
      "version": "2.0.2",
      "resolved": "https://registry.npmjs.org/hooks-fixed/-/hooks-fixed-2.0.2.tgz",
      "integrity": "sha512-YurCM4gQSetcrhwEtpQHhQ4M7Zo7poNGqY4kQGeBS6eZtOcT3tnNs01ThFa0jYBByAiYt1MjMjP/YApG0EnAvQ=="
    },
    "inherits": {
      "version": "2.0.3",
      "resolved": "https://registry.npmjs.org/inherits/-/inherits-2.0.3.tgz",
      "integrity": "sha1-Yzwsg+PaQqUC9SRmAiSA9CCCYd4="
    },
    "is-binary-path": {
      "version": "1.0.1",
      "resolved": "https://registry.npmjs.org/is-binary-path/-/is-binary-path-1.0.1.tgz",
      "integrity": "sha1-dfFmQrSA8YenEcgUFh/TpKdlWJg=",
      "requires": {
        "binary-extensions": "1.11.0"
      }
    },
    "is-buffer": {
      "version": "1.1.6",
      "resolved": "https://registry.npmjs.org/is-buffer/-/is-buffer-1.1.6.tgz",
      "integrity": "sha512-NcdALwpXkTm5Zvvbk7owOUSvVvBKDgKP5/ewfXEznmQFfs4ZRmanOeKBTjRVjka3QFoN6XJ+9F3USqfHqTaU5w=="
    },
    "is-dotfile": {
      "version": "1.0.3",
      "resolved": "https://registry.npmjs.org/is-dotfile/-/is-dotfile-1.0.3.tgz",
      "integrity": "sha1-pqLzL/0t+wT1yiXs0Pa4PPeYoeE="
    },
    "is-equal-shallow": {
      "version": "0.1.3",
      "resolved": "https://registry.npmjs.org/is-equal-shallow/-/is-equal-shallow-0.1.3.tgz",
      "integrity": "sha1-IjgJj8Ih3gvPpdnqxMRdY4qhxTQ=",
      "requires": {
        "is-primitive": "2.0.0"
      }
    },
    "is-extendable": {
      "version": "0.1.1",
      "resolved": "https://registry.npmjs.org/is-extendable/-/is-extendable-0.1.1.tgz",
      "integrity": "sha1-YrEQ4omkcUGOPsNqYX1HLjAd/Ik="
    },
    "is-extglob": {
      "version": "1.0.0",
      "resolved": "https://registry.npmjs.org/is-extglob/-/is-extglob-1.0.0.tgz",
      "integrity": "sha1-rEaBd8SUNAWgkvyPKXYMb/xiBsA="
    },
    "is-glob": {
      "version": "2.0.1",
      "resolved": "https://registry.npmjs.org/is-glob/-/is-glob-2.0.1.tgz",
      "integrity": "sha1-0Jb5JqPe1WAPP9/ZEZjLCIjC2GM=",
      "requires": {
        "is-extglob": "1.0.0"
      }
    },
    "is-number": {
      "version": "2.1.0",
      "resolved": "https://registry.npmjs.org/is-number/-/is-number-2.1.0.tgz",
      "integrity": "sha1-Afy7s5NGOlSPL0ZszhbezknbkI8=",
      "requires": {
        "kind-of": "3.2.2"
      }
    },
    "is-posix-bracket": {
      "version": "0.1.1",
      "resolved": "https://registry.npmjs.org/is-posix-bracket/-/is-posix-bracket-0.1.1.tgz",
      "integrity": "sha1-MzTceXdDaOkvAW5vvAqI9c1ua8Q="
    },
    "is-primitive": {
      "version": "2.0.0",
      "resolved": "https://registry.npmjs.org/is-primitive/-/is-primitive-2.0.0.tgz",
      "integrity": "sha1-IHurkWOEmcB7Kt8kCkGochADRXU="
    },
    "isarray": {
      "version": "1.0.0",
      "resolved": "https://registry.npmjs.org/isarray/-/isarray-1.0.0.tgz",
      "integrity": "sha1-u5NdSFgsuhaMBoNJV6VKPgcSTxE="
    },
    "isobject": {
      "version": "2.1.0",
      "resolved": "https://registry.npmjs.org/isobject/-/isobject-2.1.0.tgz",
      "integrity": "sha1-8GVWEJaj8dou9GJy+BXIQNh+DIk=",
      "requires": {
        "isarray": "1.0.0"
      }
    },
    "kareem": {
      "version": "1.5.0",
      "resolved": "https://registry.npmjs.org/kareem/-/kareem-1.5.0.tgz",
      "integrity": "sha1-4+QQHZ3P3imXadr0tNtk2JXRdEg="
    },
    "kind-of": {
      "version": "3.2.2",
      "resolved": "https://registry.npmjs.org/kind-of/-/kind-of-3.2.2.tgz",
      "integrity": "sha1-MeohpzS6ubuw8yRm2JOupR5KPGQ=",
      "requires": {
        "is-buffer": "1.1.6"
      }
    },
    "lodash": {
      "version": "4.17.4",
      "resolved": "https://registry.npmjs.org/lodash/-/lodash-4.17.4.tgz",
      "integrity": "sha1-eCA6TRwyiuHYbcpkYONptX9AVa4="
    },
    "lodash.get": {
      "version": "4.4.2",
      "resolved": "https://registry.npmjs.org/lodash.get/-/lodash.get-4.4.2.tgz",
      "integrity": "sha1-LRd/ZS+jHpObRDjVNBSZ36OCXpk="
    },
    "micromatch": {
      "version": "2.3.11",
      "resolved": "https://registry.npmjs.org/micromatch/-/micromatch-2.3.11.tgz",
      "integrity": "sha1-hmd8l9FyCzY0MdBNDRUpO9OMFWU=",
      "requires": {
        "arr-diff": "2.0.0",
        "array-unique": "0.2.1",
        "braces": "1.8.5",
        "expand-brackets": "0.1.5",
        "extglob": "0.3.2",
        "filename-regex": "2.0.1",
        "is-extglob": "1.0.0",
        "is-glob": "2.0.1",
        "kind-of": "3.2.2",
        "normalize-path": "2.1.1",
        "object.omit": "2.0.1",
        "parse-glob": "3.0.4",
        "regex-cache": "0.4.4"
      }
    },
    "minimatch": {
      "version": "3.0.4",
      "resolved": "https://registry.npmjs.org/minimatch/-/minimatch-3.0.4.tgz",
      "integrity": "sha512-yJHVQEhyqPLUTgt9B83PXu6W3rx4MvvHvSUvToogpwoGDOUQ+yDrR0HRot+yOCdCO7u4hX3pWft6kWBBcqh0UA==",
      "requires": {
        "brace-expansion": "1.1.8"
      }
    },
    "minimist": {
      "version": "1.2.0",
      "resolved": "https://registry.npmjs.org/minimist/-/minimist-1.2.0.tgz",
      "integrity": "sha1-o1AIsg9BOD7sH7kU9M1d95omQoQ="
    },
    "mkdirp": {
      "version": "0.5.1",
      "resolved": "https://registry.npmjs.org/mkdirp/-/mkdirp-0.5.1.tgz",
      "integrity": "sha1-MAV0OOrGz3+MR2fzhkjWaX11yQM=",
      "requires": {
        "minimist": "0.0.8"
      },
      "dependencies": {
        "minimist": {
          "version": "0.0.8",
          "resolved": "https://registry.npmjs.org/minimist/-/minimist-0.0.8.tgz",
          "integrity": "sha1-hX/Kv8M5fSYluCKCYuhqp6ARsF0="
        }
      }
    },
    "mongodb": {
      "version": "2.2.33",
      "resolved": "https://registry.npmjs.org/mongodb/-/mongodb-2.2.33.tgz",
      "integrity": "sha1-tTfEcdNKZlG0jzb9vyl1A0Dgi1A=",
      "requires": {
        "es6-promise": "3.2.1",
        "mongodb-core": "2.1.17",
        "readable-stream": "2.2.7"
      }
    },
    "mongodb-core": {
      "version": "2.1.17",
      "resolved": "https://registry.npmjs.org/mongodb-core/-/mongodb-core-2.1.17.tgz",
      "integrity": "sha1-pBizN6FKFJkPtRC5I97mqBMXPfg=",
      "requires": {
        "bson": "1.0.4",
        "require_optional": "1.0.1"
      }
    },
    "mongoose": {
      "version": "4.13.0",
      "resolved": "https://registry.npmjs.org/mongoose/-/mongoose-4.13.0.tgz",
      "integrity": "sha512-PVUEQ4eS1Bh0Q4IqWRph+li8VMwBxHetdJ1O/P/vE8DktOtBOM1G1G0QOrtQSW1FDrLFSVYkzK4IfI7vJeihQg==",
      "requires": {
        "async": "2.1.4",
        "bson": "1.0.4",
        "hooks-fixed": "2.0.2",
        "kareem": "1.5.0",
        "lodash.get": "4.4.2",
        "mongodb": "2.2.33",
        "mpath": "0.3.0",
        "mpromise": "0.5.5",
        "mquery": "2.3.2",
        "ms": "2.0.0",
        "muri": "1.3.0",
        "regexp-clone": "0.0.1",
        "sliced": "1.0.1"
      }
    },
    "mpath": {
      "version": "0.3.0",
      "resolved": "https://registry.npmjs.org/mpath/-/mpath-0.3.0.tgz",
      "integrity": "sha1-elj3iem1/TyUUgY0FXlg8mvV70Q="
    },
    "mpromise": {
      "version": "0.5.5",
      "resolved": "https://registry.npmjs.org/mpromise/-/mpromise-0.5.5.tgz",
      "integrity": "sha1-9bJCWddjrMIlewoMjG2Gb9UXMuY="
    },
    "mquery": {
      "version": "2.3.2",
      "resolved": "https://registry.npmjs.org/mquery/-/mquery-2.3.2.tgz",
      "integrity": "sha512-KXWMypZSvhCuqRtza+HMQZdYw7PfFBjBTFvP31NNAq0OX0/NTIgpcDpkWQ2uTxk6vGQtwQ2elhwhs+ZvCA8OaA==",
      "requires": {
        "bluebird": "3.5.1",
        "debug": "2.6.9",
        "regexp-clone": "0.0.1",
        "sliced": "0.0.5"
      },
      "dependencies": {
        "sliced": {
          "version": "0.0.5",
          "resolved": "https://registry.npmjs.org/sliced/-/sliced-0.0.5.tgz",
          "integrity": "sha1-XtwETKTrb3gW1Qui/GPiXY/kcH8="
        }
      }
    },
    "ms": {
      "version": "2.0.0",
      "resolved": "https://registry.npmjs.org/ms/-/ms-2.0.0.tgz",
      "integrity": "sha1-VgiurfwAvmwpAd9fmGF4jeDVl8g="
    },
    "muri": {
      "version": "1.3.0",
      "resolved": "https://registry.npmjs.org/muri/-/muri-1.3.0.tgz",
      "integrity": "sha512-FiaFwKl864onHFFUV/a2szAl7X0fxVlSKNdhTf+BM8i8goEgYut8u5P9MqQqIYwvaMxjzVESsoEm/2kfkFH1rg=="
    },
    "normalize-path": {
      "version": "2.1.1",
      "resolved": "https://registry.npmjs.org/normalize-path/-/normalize-path-2.1.1.tgz",
      "integrity": "sha1-GrKLVW4Zg2Oowab35vogE3/mrtk=",
      "requires": {
        "remove-trailing-separator": "1.1.0"
      }
    },
    "object.omit": {
      "version": "2.0.1",
      "resolved": "https://registry.npmjs.org/object.omit/-/object.omit-2.0.1.tgz",
      "integrity": "sha1-Gpx0SCnznbuFjHbKNXmuKlTr0fo=",
      "requires": {
        "for-own": "0.1.5",
        "is-extendable": "0.1.1"
      }
    },
    "parse-glob": {
      "version": "3.0.4",
      "resolved": "https://registry.npmjs.org/parse-glob/-/parse-glob-3.0.4.tgz",
      "integrity": "sha1-ssN2z7EfNVE7rdFz7wu246OIORw=",
      "requires": {
        "glob-base": "0.3.0",
        "is-dotfile": "1.0.3",
        "is-extglob": "1.0.0",
        "is-glob": "2.0.1"
      }
    },
    "path-is-absolute": {
      "version": "1.0.1",
      "resolved": "https://registry.npmjs.org/path-is-absolute/-/path-is-absolute-1.0.1.tgz",
      "integrity": "sha1-F0uSaHNVNP+8es5r9TpanhtcX18="
    },
    "preserve": {
      "version": "0.2.0",
      "resolved": "https://registry.npmjs.org/preserve/-/preserve-0.2.0.tgz",
      "integrity": "sha1-gV7R9uvGWSb4ZbMQwHE7yzMVzks="
    },
    "process-nextick-args": {
      "version": "1.0.7",
      "resolved": "https://registry.npmjs.org/process-nextick-args/-/process-nextick-args-1.0.7.tgz",
      "integrity": "sha1-FQ4gt1ZZCtP5EJPyWk8q2L/zC6M="
    },
    "randomatic": {
      "version": "1.1.7",
      "resolved": "https://registry.npmjs.org/randomatic/-/randomatic-1.1.7.tgz",
      "integrity": "sha512-D5JUjPyJbaJDkuAazpVnSfVkLlpeO3wDlPROTMLGKG1zMFNFRgrciKo1ltz/AzNTkqE0HzDx655QOL51N06how==",
      "requires": {
        "is-number": "3.0.0",
        "kind-of": "4.0.0"
      },
      "dependencies": {
        "is-number": {
          "version": "3.0.0",
          "resolved": "https://registry.npmjs.org/is-number/-/is-number-3.0.0.tgz",
          "integrity": "sha1-JP1iAaR4LPUFYcgQJ2r8fRLXEZU=",
          "requires": {
            "kind-of": "3.2.2"
          },
          "dependencies": {
            "kind-of": {
              "version": "3.2.2",
              "resolved": "https://registry.npmjs.org/kind-of/-/kind-of-3.2.2.tgz",
              "integrity": "sha1-MeohpzS6ubuw8yRm2JOupR5KPGQ=",
              "requires": {
                "is-buffer": "1.1.6"
              }
            }
          }
        },
        "kind-of": {
          "version": "4.0.0",
          "resolved": "https://registry.npmjs.org/kind-of/-/kind-of-4.0.0.tgz",
          "integrity": "sha1-IIE989cSkosgc3hpGkUGb65y3Vc=",
          "requires": {
            "is-buffer": "1.1.6"
          }
        }
      }
    },
    "readable-stream": {
      "version": "2.2.7",
      "resolved": "https://registry.npmjs.org/readable-stream/-/readable-stream-2.2.7.tgz",
      "integrity": "sha1-BwV6y+JGeyIELTb5jFrVBwVOlbE=",
      "requires": {
        "buffer-shims": "1.0.0",
        "core-util-is": "1.0.2",
        "inherits": "2.0.3",
        "isarray": "1.0.0",
        "process-nextick-args": "1.0.7",
        "string_decoder": "1.0.3",
        "util-deprecate": "1.0.2"
      }
    },
    "readdirp": {
      "version": "2.1.0",
      "resolved": "https://registry.npmjs.org/readdirp/-/readdirp-2.1.0.tgz",
      "integrity": "sha1-TtCtBg3zBzMAxIRANz9y0cxkLXg=",
      "requires": {
        "graceful-fs": "4.1.11",
        "minimatch": "3.0.4",
        "readable-stream": "2.2.7",
        "set-immediate-shim": "1.0.1"
      }
    },
    "reflect-metadata": {
      "version": "0.1.10",
      "resolved": "https://registry.npmjs.org/reflect-metadata/-/reflect-metadata-0.1.10.tgz",
      "integrity": "sha1-tPg3BEFqytiZiMmxVjXUfgO5NEo="
    },
    "regex-cache": {
      "version": "0.4.4",
      "resolved": "https://registry.npmjs.org/regex-cache/-/regex-cache-0.4.4.tgz",
      "integrity": "sha512-nVIZwtCjkC9YgvWkpM55B5rBhBYRZhAaJbgcFYXXsHnbZ9UZI9nnVWYZpBlCqv9ho2eZryPnWrZGsOdPwVWXWQ==",
      "requires": {
        "is-equal-shallow": "0.1.3"
      }
    },
    "regexp-clone": {
      "version": "0.0.1",
      "resolved": "https://registry.npmjs.org/regexp-clone/-/regexp-clone-0.0.1.tgz",
      "integrity": "sha1-p8LgmJH9vzj7sQ03b7cwA+aKxYk="
    },
    "remove-trailing-separator": {
      "version": "1.1.0",
      "resolved": "https://registry.npmjs.org/remove-trailing-separator/-/remove-trailing-separator-1.1.0.tgz",
      "integrity": "sha1-wkvOKig62tW8P1jg1IJJuSN52O8="
    },
    "repeat-element": {
      "version": "1.1.2",
      "resolved": "https://registry.npmjs.org/repeat-element/-/repeat-element-1.1.2.tgz",
      "integrity": "sha1-7wiaF40Ug7quTZPrmLT55OEdmQo="
    },
    "repeat-string": {
      "version": "1.6.1",
      "resolved": "https://registry.npmjs.org/repeat-string/-/repeat-string-1.6.1.tgz",
      "integrity": "sha1-jcrkcOHIirwtYA//Sndihtp15jc="
    },
    "require_optional": {
      "version": "1.0.1",
      "resolved": "https://registry.npmjs.org/require_optional/-/require_optional-1.0.1.tgz",
      "integrity": "sha512-qhM/y57enGWHAe3v/NcwML6a3/vfESLe/sGM2dII+gEO0BpKRUkWZow/tyloNqJyN6kXSl3RyyM8Ll5D/sJP8g==",
      "requires": {
        "resolve-from": "2.0.0",
        "semver": "5.4.1"
      }
    },
    "resolve-from": {
      "version": "2.0.0",
      "resolved": "https://registry.npmjs.org/resolve-from/-/resolve-from-2.0.0.tgz",
      "integrity": "sha1-lICrIOlP+h2egKgEx+oUdhGWa1c="
    },
    "safe-buffer": {
      "version": "5.1.1",
      "resolved": "https://registry.npmjs.org/safe-buffer/-/safe-buffer-5.1.1.tgz",
      "integrity": "sha512-kKvNJn6Mm93gAczWVJg7wH+wGYWNrDHdWvpUmHyEsgCtIwwo3bqPtV4tR5tuPaUhTOo/kvhVwd8XwwOllGYkbg=="
    },
    "semver": {
      "version": "5.4.1",
      "resolved": "https://registry.npmjs.org/semver/-/semver-5.4.1.tgz",
      "integrity": "sha512-WfG/X9+oATh81XtllIo/I8gOiY9EXRdv1cQdyykeXK17YcUW3EXUAi2To4pcH6nZtJPr7ZOpM5OMyWJZm+8Rsg=="
    },
    "set-immediate-shim": {
      "version": "1.0.1",
      "resolved": "https://registry.npmjs.org/set-immediate-shim/-/set-immediate-shim-1.0.1.tgz",
      "integrity": "sha1-SysbJ+uAip+NzEgaWOXlb1mfP2E="
    },
    "sliced": {
      "version": "1.0.1",
      "resolved": "https://registry.npmjs.org/sliced/-/sliced-1.0.1.tgz",
      "integrity": "sha1-CzpmK10Ewxd7GSa+qCsD+Dei70E="
    },
    "source-map": {
      "version": "0.5.7",
      "resolved": "https://registry.npmjs.org/source-map/-/source-map-0.5.7.tgz",
      "integrity": "sha1-igOdLRAh0i0eoUyA2OpGi6LvP8w="
    },
    "source-map-support": {
      "version": "0.4.18",
      "resolved": "https://registry.npmjs.org/source-map-support/-/source-map-support-0.4.18.tgz",
      "integrity": "sha512-try0/JqxPLF9nOjvSta7tVondkP5dwgyLDjVoyMDlmjugT2lRZ1OfsrYTkCd2hkDnJTKRbO/Rl3orm8vlsUzbA==",
      "requires": {
        "source-map": "0.5.7"
      }
    },
    "string_decoder": {
      "version": "1.0.3",
      "resolved": "https://registry.npmjs.org/string_decoder/-/string_decoder-1.0.3.tgz",
      "integrity": "sha512-4AH6Z5fzNNBcH+6XDMfA/BTt87skxqJlO0lAh3Dker5zThcAxG6mKz+iGu308UKoPPQ8Dcqx/4JhujzltRa+hQ==",
      "requires": {
        "safe-buffer": "5.1.1"
      }
    },
    "tsickle": {
      "version": "0.25.5",
      "resolved": "https://registry.npmjs.org/tsickle/-/tsickle-0.25.5.tgz",
      "integrity": "sha512-CgOT/1WqOKtE1fyvqB+kTJ7bizE33xj1TyUIzGbxJBGCbQmknCrZbb35DtxMiK6pJo4CrPyoS8iGFddfHKtSNA==",
      "requires": {
        "minimist": "1.2.0",
        "mkdirp": "0.5.1",
        "source-map": "0.5.7",
        "source-map-support": "0.4.18"
      }
    },
    "tslib": {
      "version": "1.8.0",
      "resolved": "https://registry.npmjs.org/tslib/-/tslib-1.8.0.tgz",
      "integrity": "sha512-ymKWWZJST0/CkgduC2qkzjMOWr4bouhuURNXCn/inEX0L57BnRG6FhX76o7FOnsjHazCjfU2LKeSrlS2sIKQJg=="
    },
    "typescript": {
      "version": "2.2.1",
      "resolved": "https://registry.npmjs.org/typescript/-/typescript-2.2.1.tgz",
      "integrity": "sha1-SGK2YrmIpMj/aRzHlpYi0k23auk="
    },
    "util-deprecate": {
      "version": "1.0.2",
      "resolved": "https://registry.npmjs.org/util-deprecate/-/util-deprecate-1.0.2.tgz",
      "integrity": "sha1-RQ1Nyfpw3nMnYvvS1KKJgUGaDM8="
    },
    "xhr2": {
      "version": "0.1.4",
      "resolved": "https://registry.npmjs.org/xhr2/-/xhr2-0.1.4.tgz",
      "integrity": "sha1-f4dliEdxbbUCYyOBL4GMras4el8="
    }
  }
}
